// !$*UTF8*$!
{
	archiveVersion = 1;
	classes = {
	};
	objectVersion = 56;
	objects = {

/* Begin PBXBuildFile section */
		0f517518251d5fa1a4752aad /* NestKeepApp.swift in Sources */ = {isa = PBXBuildFile; fileRef = 1b870188c31f5fc881b28c38 /* NestKeepApp.swift */; };
		816e176607c25c7aa3c16643 /* APIError.swift in Sources */ = {isa = PBXBuildFile; fileRef = b4257f9d4b69580a883dcf81 /* APIError.swift */; };
		4ed44fde1c345a789410f81e /* AppSettings.swift in Sources */ = {isa = PBXBuildFile; fileRef = a17a5c5a9dbe5049824c2808 /* AppSettings.swift */; };
		65265d29ed06526ab6115053 /* APIClient.swift in Sources */ = {isa = PBXBuildFile; fileRef = 5edc27394655519881da9e5e /* APIClient.swift */; };
		4b7485c34b675199b9d14847 /* AuthManager.swift in Sources */ = {isa = PBXBuildFile; fileRef = fdd4b23159f650b6865628b7 /* AuthManager.swift */; };
		a2a03949c3c759fc8720b78d /* UI.swift in Sources */ = {isa = PBXBuildFile; fileRef = 8f1cb5e6d2ab59c79d1dad97 /* UI.swift */; };
		f222835fc89a57ac808a67fc /* UpdateChecker.swift in Sources */ = {isa = PBXBuildFile; fileRef = 84d8becc80c2522a8c056b7f /* UpdateChecker.swift */; };
		ecb68b58493a52a09deef5c1 /* PictureUploader.swift in Sources */ = {isa = PBXBuildFile; fileRef = e9f53efa1b31536d8458a290 /* PictureUploader.swift */; };
		338c858929485dca8755738d /* ServerSettings.swift in Sources */ = {isa = PBXBuildFile; fileRef = 58854c8306d45b57bb373c14 /* ServerSettings.swift */; };
		6715215fcd535d969f8d6280 /* ReceiptRecognizer.swift in Sources */ = {isa = PBXBuildFile; fileRef = 91d072c7a11d57cfa8b72024 /* ReceiptRecognizer.swift */; };
		facf118c5c975307b65c1610 /* HomeBackground.swift in Sources */ = {isa = PBXBuildFile; fileRef = 0b7985477e085d0a84c896aa /* HomeBackground.swift */; };
		e881a4f2a2be5341aedbb114 /* AppLockManager.swift in Sources */ = {isa = PBXBuildFile; fileRef = 2fdae0a1a76450de9ae269a5 /* AppLockManager.swift */; };
		8fc0f1867be05395ae9a5a60 /* CloudSettingsStore.swift in Sources */ = {isa = PBXBuildFile; fileRef = 4dbd6930c5245ed3be556f6c /* CloudSettingsStore.swift */; };
		3aa4828ec9215e7b80ab7f98 /* User.swift in Sources */ = {isa = PBXBuildFile; fileRef = ef5eb4a8cbd25593b141cc8f /* User.swift */; };
		574dbc9fffe5518c98920162 /* Account.swift in Sources */ = {isa = PBXBuildFile; fileRef = 78fe97771f275491a820e1d6 /* Account.swift */; };
		0f8d83f53d2652a2a0d87ead /* AccountRequests.swift in Sources */ = {isa = PBXBuildFile; fileRef = 423ad0e33f075c4abee4e5df /* AccountRequests.swift */; };
		03945cb2951b57fd91708e18 /* Transaction.swift in Sources */ = {isa = PBXBuildFile; fileRef = 3ec2d974cab95c87ab80bf53 /* Transaction.swift */; };
		d0650ce8d0b35bd49844424b /* Category.swift in Sources */ = {isa = PBXBuildFile; fileRef = 899f0061ea965f3cae6cd32a /* Category.swift */; };
		0d789f2e090655cea2e5216c /* CategoryRequests.swift in Sources */ = {isa = PBXBuildFile; fileRef = 2bb57310ab315de0b381ad73 /* CategoryRequests.swift */; };
		233155c9c47451218a261c85 /* PresetCategory.swift in Sources */ = {isa = PBXBuildFile; fileRef = 60153d00425c50209fbec277 /* PresetCategory.swift */; };
		7829d61af5ff555ba322b500 /* Tag.swift in Sources */ = {isa = PBXBuildFile; fileRef = db0e4881cd7c5afcb4571d36 /* Tag.swift */; };
		1119b35375d8502dac1d5aa0 /* Token.swift in Sources */ = {isa = PBXBuildFile; fileRef = b6da60b975345a9683b8d03a /* Token.swift */; };
		db60ddbfa0e058c4843be7f3 /* ApiModels.swift in Sources */ = {isa = PBXBuildFile; fileRef = ac235b0b29e8548681d4ac1e /* ApiModels.swift */; };
		ba07dbcca0315c1bbd9084f0 /* ExchangeRate.swift in Sources */ = {isa = PBXBuildFile; fileRef = 84a33da8741e5c248ab9e84e /* ExchangeRate.swift */; };
		df3d8fb2acd85116a0144ac1 /* RootView.swift in Sources */ = {isa = PBXBuildFile; fileRef = 79ace7319d6955619bef9c0d /* RootView.swift */; };
		626f0041400a53a883a137a8 /* LoginView.swift in Sources */ = {isa = PBXBuildFile; fileRef = 05ab3cea5ec1581abdbae577 /* LoginView.swift */; };
		e869f36a7d0151d28dc5e201 /* MainTabView.swift in Sources */ = {isa = PBXBuildFile; fileRef = 059dd156c8605c2183b56209 /* MainTabView.swift */; };
		dc231398963051488e3e881b /* AccountsView.swift in Sources */ = {isa = PBXBuildFile; fileRef = cb972d23c64853e39535066b /* AccountsView.swift */; };
		e91b4408634459ac95260d99 /* AccountEditView.swift in Sources */ = {isa = PBXBuildFile; fileRef = e024dcd9330c54318acdf7bf /* AccountEditView.swift */; };
		5796c59537205f95b42bb9c8 /* MoveAllTransactionsView.swift in Sources */ = {isa = PBXBuildFile; fileRef = 93fbc423f4e65cba8a20f613 /* MoveAllTransactionsView.swift */; };
		ea634148d9e85cf580c47620 /* ReconciliationStatementView.swift in Sources */ = {isa = PBXBuildFile; fileRef = aca9531efb715bcca0a6ed69 /* ReconciliationStatementView.swift */; };
		0b5eb5dade485496b08ac6c9 /* TransactionsView.swift in Sources */ = {isa = PBXBuildFile; fileRef = 0495932aeb51539792929ea7 /* TransactionsView.swift */; };
		078bf71d6fd252419bc5b26c /* TransactionDetailView.swift in Sources */ = {isa = PBXBuildFile; fileRef = a3063a19593f5880b4d7b2fe /* TransactionDetailView.swift */; };
		2789cf9acdf65c179737f6b8 /* TransactionEditView.swift in Sources */ = {isa = PBXBuildFile; fileRef = 2ffb1e5625c65f21b11d6dc0 /* TransactionEditView.swift */; };
		9ae6cefeff4d5ac2b41b6ebb /* TransactionCalendarView.swift in Sources */ = {isa = PBXBuildFile; fileRef = 71f0abd0acdd5e7d9725f267 /* TransactionCalendarView.swift */; };
		f5e12d55c800509fbb11a442 /* CategoriesView.swift in Sources */ = {isa = PBXBuildFile; fileRef = cecc50aac3ec5e3cb9917e42 /* CategoriesView.swift */; };
		de1134197e295f29b40c1832 /* PresetCategoriesView.swift in Sources */ = {isa = PBXBuildFile; fileRef = e81840588cd05eec8525384e /* PresetCategoriesView.swift */; };
		ac6cf8561eeb585bada04df5 /* TagsView.swift in Sources */ = {isa = PBXBuildFile; fileRef = d3b273beadb7562abe49da99 /* TagsView.swift */; };
		0cc66077c49f5afd996b747d /* TemplatesView.swift in Sources */ = {isa = PBXBuildFile; fileRef = ddb8a5b2c4285100b2995bc5 /* TemplatesView.swift */; };
		62685a5156795bc3b514dff5 /* ProfileEditView.swift in Sources */ = {isa = PBXBuildFile; fileRef = 7c74bce7fa425c03942f8c4c /* ProfileEditView.swift */; };
		175a2669d54959038bcfb935 /* TwoFactorAuthView.swift in Sources */ = {isa = PBXBuildFile; fileRef = fdcdf67c06e85319afc31123 /* TwoFactorAuthView.swift */; };
		442ed9f9a15357e284f38184 /* SessionsView.swift in Sources */ = {isa = PBXBuildFile; fileRef = 3eee32060bec5375b8d67600 /* SessionsView.swift */; };
		e6880a9091d1535dbb277219 /* DataManagementView.swift in Sources */ = {isa = PBXBuildFile; fileRef = a345fbeb96a75cd89c3e6720 /* DataManagementView.swift */; };
		83ec7f771f035456ab14bf7a /* AboutView.swift in Sources */ = {isa = PBXBuildFile; fileRef = 53071711e20355478bef69b3 /* AboutView.swift */; };
		d9494d53e30754a3ab380718 /* StatisticsView.swift in Sources */ = {isa = PBXBuildFile; fileRef = 8f64d9d3421d5d8cb98205f5 /* StatisticsView.swift */; };
		1067cce2389e5956ac8a00e2 /* StatisticsSettingsView.swift in Sources */ = {isa = PBXBuildFile; fileRef = 3f42c429f7ce5fd4ad7ec23e /* StatisticsSettingsView.swift */; };
		f7e92de663135ff8a6a496e4 /* SettingsView.swift in Sources */ = {isa = PBXBuildFile; fileRef = b16f5ca236175000ac9aacf6 /* SettingsView.swift */; };
		abf7df892995562e9c6f2eed /* SettingsPagesView.swift in Sources */ = {isa = PBXBuildFile; fileRef = c0d79d5580c15df2baaf60ac /* SettingsPagesView.swift */; };
		cdf2b3806da95702b2e95365 /* AIReceiptView.swift in Sources */ = {isa = PBXBuildFile; fileRef = d8cf5b7b239d51bb8987fcfc /* AIReceiptView.swift */; };
		db87de37176e58aaa3fae295 /* ExchangeRatesView.swift in Sources */ = {isa = PBXBuildFile; fileRef = 58067137f08e5a8d8044e45e /* ExchangeRatesView.swift */; };
		d05b03a73fc157b783b92671 /* HomeBackgroundSettingsView.swift in Sources */ = {isa = PBXBuildFile; fileRef = b79e7aa166c155b1968cb283 /* HomeBackgroundSettingsView.swift */; };
		3a581e296565509aaaa6b5d1 /* AppLockView.swift in Sources */ = {isa = PBXBuildFile; fileRef = 9bb55c7e0d3b5f6094b7ea29 /* AppLockView.swift */; };
		9866b69b5f2755d7872598d7 /* AppLockSettingsView.swift in Sources */ = {isa = PBXBuildFile; fileRef = e125612cf3fa5ea399320061 /* AppLockSettingsView.swift */; };
		dbc1a5d2300d5d06b902e001 /* Assets.xcassets in Resources */ = {isa = PBXBuildFile; fileRef = f6b51b49f5ab5537a189796d /* Assets.xcassets */; };
/* End PBXBuildFile section */

/* Begin PBXFileReference section */
		1b870188c31f5fc881b28c38 /* NestKeepApp.swift */ = {isa = PBXFileReference; lastKnownFileType = sourcecode.swift; path = NestKeepApp.swift; sourceTree = "<group>"; };
		b4257f9d4b69580a883dcf81 /* APIError.swift */ = {isa = PBXFileReference; lastKnownFileType = sourcecode.swift; path = Core/APIError.swift; sourceTree = "<group>"; };
		a17a5c5a9dbe5049824c2808 /* AppSettings.swift */ = {isa = PBXFileReference; lastKnownFileType = sourcecode.swift; path = Core/AppSettings.swift; sourceTree = "<group>"; };
		5edc27394655519881da9e5e /* APIClient.swift */ = {isa = PBXFileReference; lastKnownFileType = sourcecode.swift; path = Core/APIClient.swift; sourceTree = "<group>"; };
		fdd4b23159f650b6865628b7 /* AuthManager.swift */ = {isa = PBXFileReference; lastKnownFileType = sourcecode.swift; path = Core/AuthManager.swift; sourceTree = "<group>"; };
		8f1cb5e6d2ab59c79d1dad97 /* UI.swift */ = {isa = PBXFileReference; lastKnownFileType = sourcecode.swift; path = Core/UI.swift; sourceTree = "<group>"; };
		84d8becc80c2522a8c056b7f /* UpdateChecker.swift */ = {isa = PBXFileReference; lastKnownFileType = sourcecode.swift; path = Core/UpdateChecker.swift; sourceTree = "<group>"; };
		e9f53efa1b31536d8458a290 /* PictureUploader.swift */ = {isa = PBXFileReference; lastKnownFileType = sourcecode.swift; path = Core/PictureUploader.swift; sourceTree = "<group>"; };
		58854c8306d45b57bb373c14 /* ServerSettings.swift */ = {isa = PBXFileReference; lastKnownFileType = sourcecode.swift; path = Core/ServerSettings.swift; sourceTree = "<group>"; };
		91d072c7a11d57cfa8b72024 /* ReceiptRecognizer.swift */ = {isa = PBXFileReference; lastKnownFileType = sourcecode.swift; path = Core/ReceiptRecognizer.swift; sourceTree = "<group>"; };
		0b7985477e085d0a84c896aa /* HomeBackground.swift */ = {isa = PBXFileReference; lastKnownFileType = sourcecode.swift; path = Core/HomeBackground.swift; sourceTree = "<group>"; };
		2fdae0a1a76450de9ae269a5 /* AppLockManager.swift */ = {isa = PBXFileReference; lastKnownFileType = sourcecode.swift; path = Core/AppLockManager.swift; sourceTree = "<group>"; };
		4dbd6930c5245ed3be556f6c /* CloudSettingsStore.swift */ = {isa = PBXFileReference; lastKnownFileType = sourcecode.swift; path = Core/CloudSettingsStore.swift; sourceTree = "<group>"; };
		ef5eb4a8cbd25593b141cc8f /* User.swift */ = {isa = PBXFileReference; lastKnownFileType = sourcecode.swift; path = Models/User.swift; sourceTree = "<group>"; };
		78fe97771f275491a820e1d6 /* Account.swift */ = {isa = PBXFileReference; lastKnownFileType = sourcecode.swift; path = Models/Account.swift; sourceTree = "<group>"; };
		423ad0e33f075c4abee4e5df /* AccountRequests.swift */ = {isa = PBXFileReference; lastKnownFileType = sourcecode.swift; path = Models/AccountRequests.swift; sourceTree = "<group>"; };
		3ec2d974cab95c87ab80bf53 /* Transaction.swift */ = {isa = PBXFileReference; lastKnownFileType = sourcecode.swift; path = Models/Transaction.swift; sourceTree = "<group>"; };
		899f0061ea965f3cae6cd32a /* Category.swift */ = {isa = PBXFileReference; lastKnownFileType = sourcecode.swift; path = Models/Category.swift; sourceTree = "<group>"; };
		2bb57310ab315de0b381ad73 /* CategoryRequests.swift */ = {isa = PBXFileReference; lastKnownFileType = sourcecode.swift; path = Models/CategoryRequests.swift; sourceTree = "<group>"; };
		60153d00425c50209fbec277 /* PresetCategory.swift */ = {isa = PBXFileReference; lastKnownFileType = sourcecode.swift; path = Models/PresetCategory.swift; sourceTree = "<group>"; };
		db0e4881cd7c5afcb4571d36 /* Tag.swift */ = {isa = PBXFileReference; lastKnownFileType = sourcecode.swift; path = Models/Tag.swift; sourceTree = "<group>"; };
		b6da60b975345a9683b8d03a /* Token.swift */ = {isa = PBXFileReference; lastKnownFileType = sourcecode.swift; path = Models/Token.swift; sourceTree = "<group>"; };
		ac235b0b29e8548681d4ac1e /* ApiModels.swift */ = {isa = PBXFileReference; lastKnownFileType = sourcecode.swift; path = Models/ApiModels.swift; sourceTree = "<group>"; };
		84a33da8741e5c248ab9e84e /* ExchangeRate.swift */ = {isa = PBXFileReference; lastKnownFileType = sourcecode.swift; path = Models/ExchangeRate.swift; sourceTree = "<group>"; };
		79ace7319d6955619bef9c0d /* RootView.swift */ = {isa = PBXFileReference; lastKnownFileType = sourcecode.swift; path = Views/RootView.swift; sourceTree = "<group>"; };
		05ab3cea5ec1581abdbae577 /* LoginView.swift */ = {isa = PBXFileReference; lastKnownFileType = sourcecode.swift; path = Views/LoginView.swift; sourceTree = "<group>"; };
		059dd156c8605c2183b56209 /* MainTabView.swift */ = {isa = PBXFileReference; lastKnownFileType = sourcecode.swift; path = Views/MainTabView.swift; sourceTree = "<group>"; };
		cb972d23c64853e39535066b /* AccountsView.swift */ = {isa = PBXFileReference; lastKnownFileType = sourcecode.swift; path = Views/AccountsView.swift; sourceTree = "<group>"; };
		e024dcd9330c54318acdf7bf /* AccountEditView.swift */ = {isa = PBXFileReference; lastKnownFileType = sourcecode.swift; path = Views/AccountEditView.swift; sourceTree = "<group>"; };
		93fbc423f4e65cba8a20f613 /* MoveAllTransactionsView.swift */ = {isa = PBXFileReference; lastKnownFileType = sourcecode.swift; path = Views/MoveAllTransactionsView.swift; sourceTree = "<group>"; };
		aca9531efb715bcca0a6ed69 /* ReconciliationStatementView.swift */ = {isa = PBXFileReference; lastKnownFileType = sourcecode.swift; path = Views/ReconciliationStatementView.swift; sourceTree = "<group>"; };
		0495932aeb51539792929ea7 /* TransactionsView.swift */ = {isa = PBXFileReference; lastKnownFileType = sourcecode.swift; path = Views/TransactionsView.swift; sourceTree = "<group>"; };
		a3063a19593f5880b4d7b2fe /* TransactionDetailView.swift */ = {isa = PBXFileReference; lastKnownFileType = sourcecode.swift; path = Views/TransactionDetailView.swift; sourceTree = "<group>"; };
		2ffb1e5625c65f21b11d6dc0 /* TransactionEditView.swift */ = {isa = PBXFileReference; lastKnownFileType = sourcecode.swift; path = Views/TransactionEditView.swift; sourceTree = "<group>"; };
		71f0abd0acdd5e7d9725f267 /* TransactionCalendarView.swift */ = {isa = PBXFileReference; lastKnownFileType = sourcecode.swift; path = Views/TransactionCalendarView.swift; sourceTree = "<group>"; };
		cecc50aac3ec5e3cb9917e42 /* CategoriesView.swift */ = {isa = PBXFileReference; lastKnownFileType = sourcecode.swift; path = Views/CategoriesView.swift; sourceTree = "<group>"; };
		e81840588cd05eec8525384e /* PresetCategoriesView.swift */ = {isa = PBXFileReference; lastKnownFileType = sourcecode.swift; path = Views/PresetCategoriesView.swift; sourceTree = "<group>"; };
		d3b273beadb7562abe49da99 /* TagsView.swift */ = {isa = PBXFileReference; lastKnownFileType = sourcecode.swift; path = Views/TagsView.swift; sourceTree = "<group>"; };
		ddb8a5b2c4285100b2995bc5 /* TemplatesView.swift */ = {isa = PBXFileReference; lastKnownFileType = sourcecode.swift; path = Views/TemplatesView.swift; sourceTree = "<group>"; };
		7c74bce7fa425c03942f8c4c /* ProfileEditView.swift */ = {isa = PBXFileReference; lastKnownFileType = sourcecode.swift; path = Views/ProfileEditView.swift; sourceTree = "<group>"; };
		fdcdf67c06e85319afc31123 /* TwoFactorAuthView.swift */ = {isa = PBXFileReference; lastKnownFileType = sourcecode.swift; path = Views/TwoFactorAuthView.swift; sourceTree = "<group>"; };
		3eee32060bec5375b8d67600 /* SessionsView.swift */ = {isa = PBXFileReference; lastKnownFileType = sourcecode.swift; path = Views/SessionsView.swift; sourceTree = "<group>"; };
		a345fbeb96a75cd89c3e6720 /* DataManagementView.swift */ = {isa = PBXFileReference; lastKnownFileType = sourcecode.swift; path = Views/DataManagementView.swift; sourceTree = "<group>"; };
		53071711e20355478bef69b3 /* AboutView.swift */ = {isa = PBXFileReference; lastKnownFileType = sourcecode.swift; path = Views/AboutView.swift; sourceTree = "<group>"; };
		8f64d9d3421d5d8cb98205f5 /* StatisticsView.swift */ = {isa = PBXFileReference; lastKnownFileType = sourcecode.swift; path = Views/StatisticsView.swift; sourceTree = "<group>"; };
		3f42c429f7ce5fd4ad7ec23e /* StatisticsSettingsView.swift */ = {isa = PBXFileReference; lastKnownFileType = sourcecode.swift; path = Views/StatisticsSettingsView.swift; sourceTree = "<group>"; };
		b16f5ca236175000ac9aacf6 /* SettingsView.swift */ = {isa = PBXFileReference; lastKnownFileType = sourcecode.swift; path = Views/SettingsView.swift; sourceTree = "<group>"; };
		c0d79d5580c15df2baaf60ac /* SettingsPagesView.swift */ = {isa = PBXFileReference; lastKnownFileType = sourcecode.swift; path = Views/SettingsPagesView.swift; sourceTree = "<group>"; };
		d8cf5b7b239d51bb8987fcfc /* AIReceiptView.swift */ = {isa = PBXFileReference; lastKnownFileType = sourcecode.swift; path = Views/AIReceiptView.swift; sourceTree = "<group>"; };
		58067137f08e5a8d8044e45e /* ExchangeRatesView.swift */ = {isa = PBXFileReference; lastKnownFileType = sourcecode.swift; path = Views/ExchangeRatesView.swift; sourceTree = "<group>"; };
		b79e7aa166c155b1968cb283 /* HomeBackgroundSettingsView.swift */ = {isa = PBXFileReference; lastKnownFileType = sourcecode.swift; path = Views/HomeBackgroundSettingsView.swift; sourceTree = "<group>"; };
		9bb55c7e0d3b5f6094b7ea29 /* AppLockView.swift */ = {isa = PBXFileReference; lastKnownFileType = sourcecode.swift; path = Views/AppLockView.swift; sourceTree = "<group>"; };
		e125612cf3fa5ea399320061 /* AppLockSettingsView.swift */ = {isa = PBXFileReference; lastKnownFileType = sourcecode.swift; path = Views/AppLockSettingsView.swift; sourceTree = "<group>"; };
		97a32b6869505131847b6e7b /* NestKeep.app */ = {isa = PBXFileReference; explicitFileType = wrapper.application; includeInIndex = 0; path = NestKeep.app; sourceTree = BUILT_PRODUCTS_DIR; };
		f6b51b49f5ab5537a189796d /* Assets.xcassets */ = {isa = PBXFileReference; lastKnownFileType = folder.assetcatalog; path = Assets.xcassets; sourceTree = "<group>"; };
/* End PBXFileReference section */

/* Begin PBXFrameworksBuildPhase section */
		03f934da01b85ca5b31f0284 /* Frameworks */ = {
			isa = PBXFrameworksBuildPhase;
			buildActionMask = 2147483647;
			files = (
			);
			runOnlyForDeploymentPostprocessing = 0;
		};
/* End PBXFrameworksBuildPhase section */

/* Begin PBXGroup section */
		02dbd39461e85fa5a817b082 /* NestKeep */ = {
			isa = PBXGroup;
			children = (
				1b870188c31f5fc881b28c38 /* NestKeepApp.swift */,
				b4257f9d4b69580a883dcf81 /* APIError.swift */,
				a17a5c5a9dbe5049824c2808 /* AppSettings.swift */,
				5edc27394655519881da9e5e /* APIClient.swift */,
				fdd4b23159f650b6865628b7 /* AuthManager.swift */,
				8f1cb5e6d2ab59c79d1dad97 /* UI.swift */,
				84d8becc80c2522a8c056b7f /* UpdateChecker.swift */,
				e9f53efa1b31536d8458a290 /* PictureUploader.swift */,
				58854c8306d45b57bb373c14 /* ServerSettings.swift */,
				91d072c7a11d57cfa8b72024 /* ReceiptRecognizer.swift */,
				0b7985477e085d0a84c896aa /* HomeBackground.swift */,
				2fdae0a1a76450de9ae269a5 /* AppLockManager.swift */,
				4dbd6930c5245ed3be556f6c /* CloudSettingsStore.swift */,
				ef5eb4a8cbd25593b141cc8f /* User.swift */,
				78fe97771f275491a820e1d6 /* Account.swift */,
				423ad0e33f075c4abee4e5df /* AccountRequests.swift */,
				3ec2d974cab95c87ab80bf53 /* Transaction.swift */,
				899f0061ea965f3cae6cd32a /* Category.swift */,
				2bb57310ab315de0b381ad73 /* CategoryRequests.swift */,
				60153d00425c50209fbec277 /* PresetCategory.swift */,
				db0e4881cd7c5afcb4571d36 /* Tag.swift */,
				b6da60b975345a9683b8d03a /* Token.swift */,
				ac235b0b29e8548681d4ac1e /* ApiModels.swift */,
				84a33da8741e5c248ab9e84e /* ExchangeRate.swift */,
				79ace7319d6955619bef9c0d /* RootView.swift */,
				05ab3cea5ec1581abdbae577 /* LoginView.swift */,
				059dd156c8605c2183b56209 /* MainTabView.swift */,
				cb972d23c64853e39535066b /* AccountsView.swift */,
				e024dcd9330c54318acdf7bf /* AccountEditView.swift */,
				93fbc423f4e65cba8a20f613 /* MoveAllTransactionsView.swift */,
				aca9531efb715bcca0a6ed69 /* ReconciliationStatementView.swift */,
				0495932aeb51539792929ea7 /* TransactionsView.swift */,
				a3063a19593f5880b4d7b2fe /* TransactionDetailView.swift */,
				2ffb1e5625c65f21b11d6dc0 /* TransactionEditView.swift */,
				71f0abd0acdd5e7d9725f267 /* TransactionCalendarView.swift */,
				cecc50aac3ec5e3cb9917e42 /* CategoriesView.swift */,
				e81840588cd05eec8525384e /* PresetCategoriesView.swift */,
				d3b273beadb7562abe49da99 /* TagsView.swift */,
				ddb8a5b2c4285100b2995bc5 /* TemplatesView.swift */,
				7c74bce7fa425c03942f8c4c /* ProfileEditView.swift */,
				fdcdf67c06e85319afc31123 /* TwoFactorAuthView.swift */,
				3eee32060bec5375b8d67600 /* SessionsView.swift */,
				a345fbeb96a75cd89c3e6720 /* DataManagementView.swift */,
				53071711e20355478bef69b3 /* AboutView.swift */,
				8f64d9d3421d5d8cb98205f5 /* StatisticsView.swift */,
				3f42c429f7ce5fd4ad7ec23e /* StatisticsSettingsView.swift */,
				b16f5ca236175000ac9aacf6 /* SettingsView.swift */,
				c0d79d5580c15df2baaf60ac /* SettingsPagesView.swift */,
				d8cf5b7b239d51bb8987fcfc /* AIReceiptView.swift */,
				58067137f08e5a8d8044e45e /* ExchangeRatesView.swift */,
				b79e7aa166c155b1968cb283 /* HomeBackgroundSettingsView.swift */,
				9bb55c7e0d3b5f6094b7ea29 /* AppLockView.swift */,
				e125612cf3fa5ea399320061 /* AppLockSettingsView.swift */,
				f6b51b49f5ab5537a189796d /* Assets.xcassets */,
			);
			path = NestKeep;
			sourceTree = "<group>";
		};
		53ebd12fa21250d88d83a005 = {
			isa = PBXGroup;
			children = (
				02dbd39461e85fa5a817b082 /* NestKeep */,
				97a32b6869505131847b6e7b /* NestKeep.app */,
			);
			sourceTree = "<group>";
		};
/* End PBXGroup section */

/* Begin PBXNativeTarget section */
		d478a1d858af50e9bfa2b17f /* NestKeep */ = {
			isa = PBXNativeTarget;
			buildConfigurationList = fb6415b4a9f6554b94be2a46 /* Build configuration list for PBXNativeTarget "NestKeep" */;
			buildPhases = (
				0f824d16deea5deb9cf9167c /* Sources */,
				03f934da01b85ca5b31f0284 /* Frameworks */,
				8b8a1ebd2cef5f69bcfbfc44 /* Resources */,
			);
			buildRules = (
			);
			dependencies = (
			);
			name = NestKeep;
			productName = NestKeep;
			productReference = 97a32b6869505131847b6e7b /* NestKeep.app */;
			productType = "com.apple.product-type.application";
		};
/* End PBXNativeTarget section */

/* Begin PBXProject section */
		a17f40863d4a5c93b4102858 /* Project object */ = {
			isa = PBXProject;
			attributes = {
				BuildIndependentTargetsInParallel = 1;
				LastSwiftUpdateCheck = 1500;
				LastUpgradeCheck = 1500;
				TargetAttributes = {
					d478a1d858af50e9bfa2b17f = {
						CreatedOnToolsVersion = 15.0;
					};
				};
			};
			buildConfigurationList = b794c756181e553da536efa0 /* Build configuration list for PBXProject "NestKeep" */;
			compatibilityVersion = "Xcode 14.0";
			developmentRegion = en;
			hasScannedForEncodings = 0;
			knownRegions = (
				en,
				Base,
			);
			mainGroup = 53ebd12fa21250d88d83a005;
			productRefGroup = 53ebd12fa21250d88d83a005 /* NestKeep */;
			projectDirPath = "";
			projectRoot = "";
			targets = (
				d478a1d858af50e9bfa2b17f /* NestKeep */,
			);
		};
/* End PBXProject section */

/* Begin PBXResourcesBuildPhase section */
		8b8a1ebd2cef5f69bcfbfc44 /* Resources */ = {
			isa = PBXResourcesBuildPhase;
			buildActionMask = 2147483647;
			files = (
				dbc1a5d2300d5d06b902e001 /* Assets.xcassets in Resources */,
			);
			runOnlyForDeploymentPostprocessing = 0;
		};
/* End PBXResourcesBuildPhase section */

/* Begin PBXSourcesBuildPhase section */
		0f824d16deea5deb9cf9167c /* Sources */ = {
			isa = PBXSourcesBuildPhase;
			buildActionMask = 2147483647;
			files = (
				0f517518251d5fa1a4752aad /* NestKeepApp.swift in Sources */,
				816e176607c25c7aa3c16643 /* APIError.swift in Sources */,
				4ed44fde1c345a789410f81e /* AppSettings.swift in Sources */,
				65265d29ed06526ab6115053 /* APIClient.swift in Sources */,
				4b7485c34b675199b9d14847 /* AuthManager.swift in Sources */,
				a2a03949c3c759fc8720b78d /* UI.swift in Sources */,
				f222835fc89a57ac808a67fc /* UpdateChecker.swift in Sources */,
				ecb68b58493a52a09deef5c1 /* PictureUploader.swift in Sources */,
				338c858929485dca8755738d /* ServerSettings.swift in Sources */,
				6715215fcd535d969f8d6280 /* ReceiptRecognizer.swift in Sources */,
				facf118c5c975307b65c1610 /* HomeBackground.swift in Sources */,
				e881a4f2a2be5341aedbb114 /* AppLockManager.swift in Sources */,
				8fc0f1867be05395ae9a5a60 /* CloudSettingsStore.swift in Sources */,
				3aa4828ec9215e7b80ab7f98 /* User.swift in Sources */,
				574dbc9fffe5518c98920162 /* Account.swift in Sources */,
				0f8d83f53d2652a2a0d87ead /* AccountRequests.swift in Sources */,
				03945cb2951b57fd91708e18 /* Transaction.swift in Sources */,
				d0650ce8d0b35bd49844424b /* Category.swift in Sources */,
				0d789f2e090655cea2e5216c /* CategoryRequests.swift in Sources */,
				233155c9c47451218a261c85 /* PresetCategory.swift in Sources */,
				7829d61af5ff555ba322b500 /* Tag.swift in Sources */,
				1119b35375d8502dac1d5aa0 /* Token.swift in Sources */,
				db60ddbfa0e058c4843be7f3 /* ApiModels.swift in Sources */,
				ba07dbcca0315c1bbd9084f0 /* ExchangeRate.swift in Sources */,
				df3d8fb2acd85116a0144ac1 /* RootView.swift in Sources */,
				626f0041400a53a883a137a8 /* LoginView.swift in Sources */,
				e869f36a7d0151d28dc5e201 /* MainTabView.swift in Sources */,
				dc231398963051488e3e881b /* AccountsView.swift in Sources */,
				e91b4408634459ac95260d99 /* AccountEditView.swift in Sources */,
				5796c59537205f95b42bb9c8 /* MoveAllTransactionsView.swift in Sources */,
				ea634148d9e85cf580c47620 /* ReconciliationStatementView.swift in Sources */,
				0b5eb5dade485496b08ac6c9 /* TransactionsView.swift in Sources */,
				078bf71d6fd252419bc5b26c /* TransactionDetailView.swift in Sources */,
				2789cf9acdf65c179737f6b8 /* TransactionEditView.swift in Sources */,
				9ae6cefeff4d5ac2b41b6ebb /* TransactionCalendarView.swift in Sources */,
				f5e12d55c800509fbb11a442 /* CategoriesView.swift in Sources */,
				de1134197e295f29b40c1832 /* PresetCategoriesView.swift in Sources */,
				ac6cf8561eeb585bada04df5 /* TagsView.swift in Sources */,
				0cc66077c49f5afd996b747d /* TemplatesView.swift in Sources */,
				62685a5156795bc3b514dff5 /* ProfileEditView.swift in Sources */,
				175a2669d54959038bcfb935 /* TwoFactorAuthView.swift in Sources */,
				442ed9f9a15357e284f38184 /* SessionsView.swift in Sources */,
				e6880a9091d1535dbb277219 /* DataManagementView.swift in Sources */,
				83ec7f771f035456ab14bf7a /* AboutView.swift in Sources */,
				d9494d53e30754a3ab380718 /* StatisticsView.swift in Sources */,
				1067cce2389e5956ac8a00e2 /* StatisticsSettingsView.swift in Sources */,
				f7e92de663135ff8a6a496e4 /* SettingsView.swift in Sources */,
				abf7df892995562e9c6f2eed /* SettingsPagesView.swift in Sources */,
				cdf2b3806da95702b2e95365 /* AIReceiptView.swift in Sources */,
				db87de37176e58aaa3fae295 /* ExchangeRatesView.swift in Sources */,
				d05b03a73fc157b783b92671 /* HomeBackgroundSettingsView.swift in Sources */,
				3a581e296565509aaaa6b5d1 /* AppLockView.swift in Sources */,
				9866b69b5f2755d7872598d7 /* AppLockSettingsView.swift in Sources */,
			);
			runOnlyForDeploymentPostprocessing = 0;
		};
/* End PBXSourcesBuildPhase section */

/* Begin XCBuildConfiguration section */
		af7691fbfa1451b580510089 /* Debug */ = {
			isa = XCBuildConfiguration;
			buildSettings = {
				ALWAYS_SEARCH_USER_PATHS = NO;
				CLANG_ANALYZER_NONNULL = YES;
				COPY_PHASE_STRIP = NO;
				ENABLE_STRICT_OBJC_MSGSEND = YES;
				GCC_C_LANGUAGE_STANDARD = gnu17;
				GCC_OPTIMIZATION_LEVEL = 0;
				IPHONEOS_DEPLOYMENT_TARGET = 15.0;
				MTL_ENABLE_DEBUG_INFO = INCLUDE_SOURCE;
				ONLY_ACTIVE_ARCH = YES;
				SDKROOT = iphoneos;
				SWIFT_ACTIVE_COMPILATION_CONDITIONS = "DEBUG $(inherited)";
				SWIFT_OPTIMIZATION_LEVEL = "-Onone";
			};
			name = Debug;
		};
		cbfc3e2d094554d9af07af7a /* Release */ = {
			isa = XCBuildConfiguration;
			buildSettings = {
				ALWAYS_SEARCH_USER_PATHS = NO;
				CLANG_ANALYZER_NONNULL = YES;
				COPY_PHASE_STRIP = NO;
				ENABLE_NS_ASSERTIONS = NO;
				ENABLE_STRICT_OBJC_MSGSEND = YES;
				GCC_C_LANGUAGE_STANDARD = gnu17;
				IPHONEOS_DEPLOYMENT_TARGET = 15.0;
				MTL_ENABLE_DEBUG_INFO = NO;
				SDKROOT = iphoneos;
				SWIFT_COMPILATION_MODE = wholemodule;
				VALIDATE_PRODUCT = YES;
			};
			name = Release;
		};
		31c9825cb6fb56e7b2091cf4 /* Debug */ = {
			isa = XCBuildConfiguration;
			buildSettings = {
				ASSETCATALOG_COMPILER_APPICON_NAME = AppIcon;
				ASSETCATALOG_COMPILER_GENERATE_ASSET_SYMBOLS = YES;
				DEVELOPMENT_LANGUAGE = en;
				CODE_SIGN_STYLE = Automatic;
				CURRENT_PROJECT_VERSION = 1;
				DEVELOPMENT_TEAM = "";
				ENABLE_PREVIEWS = YES;
				GENERATE_INFOPLIST_FILE = NO;
				INFOPLIST_FILE = NestKeep/Info.plist;
				IPHONEOS_DEPLOYMENT_TARGET = 15.0;
				LD_RUNPATH_SEARCH_PATHS = (
					"$(inherited)",
					"@executable_path/Frameworks",
				);
				MARKETING_VERSION = 1.6.3;
				PRODUCT_BUNDLE_IDENTIFIER = com.nestkeep.app.dev;
				PRODUCT_NAME = "$(TARGET_NAME)";
				SWIFT_EMIT_LOC_STRINGS = YES;
				SWIFT_VERSION = 5.0;
				TARGETED_DEVICE_FAMILY = "1,2";
			};
			name = Debug;
		};
		119856b3883552908d826dc2 /* Release */ = {
			isa = XCBuildConfiguration;
			buildSettings = {
				ASSETCATALOG_COMPILER_APPICON_NAME = AppIcon;
				ASSETCATALOG_COMPILER_GENERATE_ASSET_SYMBOLS = YES;
				DEVELOPMENT_LANGUAGE = en;
				CODE_SIGN_STYLE = Automatic;
				CURRENT_PROJECT_VERSION = 1;
				DEVELOPMENT_TEAM = "";
				ENABLE_PREVIEWS = YES;
				GENERATE_INFOPLIST_FILE = NO;
				INFOPLIST_FILE = NestKeep/Info.plist;
				IPHONEOS_DEPLOYMENT_TARGET = 15.0;
				LD_RUNPATH_SEARCH_PATHS = (
					"$(inherited)",
					"@executable_path/Frameworks",
				);
				MARKETING_VERSION = 1.6.3;
				PRODUCT_BUNDLE_IDENTIFIER = com.nestkeep.app.dev;
				PRODUCT_NAME = "$(TARGET_NAME)";
				SWIFT_EMIT_LOC_STRINGS = YES;
				SWIFT_VERSION = 5.0;
				TARGETED_DEVICE_FAMILY = "1,2";
			};
			name = Release;
		};
/* End XCBuildConfiguration section */

/* Begin XCConfigurationList section */
		b794c756181e553da536efa0 /* Build configuration list for PBXProject "NestKeep" */ = {
			isa = XCConfigurationList;
			buildConfigurations = (
				af7691fbfa1451b580510089 /* Debug */,
				cbfc3e2d094554d9af07af7a /* Release */,
			);
			defaultConfigurationIsVisible = 0;
			defaultConfigurationName = Release;
		};
		fb6415b4a9f6554b94be2a46 /* Build configuration list for PBXNativeTarget "NestKeep" */ = {
			isa = XCConfigurationList;
			buildConfigurations = (
				31c9825cb6fb56e7b2091cf4 /* Debug */,
				119856b3883552908d826dc2 /* Release */,
			);
			defaultConfigurationIsVisible = 0;
			defaultConfigurationName = Release;
		};
/* End XCConfigurationList section */
	};
	rootObject = a17f40863d4a5c93b4102858 /* Project object */;
}
